
Microsoft Visual Studio Solution File, Format Version 12.00
# Visual Studio Version 16
VisualStudioVersion = 16.0.29306.81
MinimumVisualStudioVersion = 10.0.40219.1
Project("{FAE04EC0-301F-11D3-BF4B-00C04F79EFBC}") = "FPTCodeTest.Services", "FPTCodeTest.Services\FPTCodeTest.Services.csproj", "{B1BAED59-AB17-4D41-BE8A-00822F11AF0B}"
EndProject
Project("{FAE04EC0-301F-11D3-BF4B-00C04F79EFBC}") = "FPTCodeTest.Data", "FPTCodeTest.Data\FPTCodeTest.Data.csproj", "{10CC7067-8DD8-4BD5-AA2A-71DDF76F52BB}"
EndProject
Global
	GlobalSection(SolutionConfigurationPlatforms) = preSolution
		Debug|Any CPU = Debug|Any CPU
		Release|Any CPU = Release|Any CPU
	EndGlobalSection
	GlobalSection(ProjectConfigurationPlatforms) = postSolution
		{B1BAED59-AB17-4D41-BE8A-00822F11AF0B}.Debug|Any CPU.ActiveCfg = Debug|Any CPU
		{B1BAED59-AB17-4D41-BE8A-00822F11AF0B}.Debug|Any CPU.Build.0 = Debug|Any CPU
		{B1BAED59-AB17-4D41-BE8A-00822F11AF0B}.Release|Any CPU.ActiveCfg = Release|Any CPU
		{B1BAED59-AB17-4D41-BE8A-00822F11AF0B}.Release|Any CPU.Build.0 = Release|Any CPU
		{10CC7067-8DD8-4BD5-AA2A-71DDF76F52BB}.Debug|Any CPU.ActiveCfg = Debug|Any CPU
		{10CC7067-8DD8-4BD5-AA2A-71DDF76F52BB}.Debug|Any CPU.Build.0 = Debug|Any CPU
		{10CC7067-8DD8-4BD5-AA2A-71DDF76F52BB}.Release|Any CPU.ActiveCfg = Release|Any CPU
		{10CC7067-8DD8-4BD5-AA2A-71DDF76F52BB}.Release|Any CPU.Build.0 = Release|Any CPU
	EndGlobalSection
	GlobalSection(SolutionProperties) = preSolution
		HideSolutionNode = FALSE
	EndGlobalSection
	GlobalSection(ExtensibilityGlobals) = postSolution
		SolutionGuid = {EB2F71F7-8C5A-4177-92AC-D63E10D44811}
	EndGlobalSection
EndGlobal
